
Microsoft Visual Studio Solution File, Format Version 12.00
# Visual Studio Version 17
VisualStudioVersion = 17.5.33424.131
MinimumVisualStudioVersion = 10.0.40219.1
Project("{FAE04EC0-301F-11D3-BF4B-00C04F79EFBC}") = "CET_322_BookDatabase", "CET_322_BookDatabase.csproj", "{AD5D5FCB-3A2B-48D4-9131-01C3C568CF18}"
EndProject
Global
	GlobalSection(SolutionConfigurationPlatforms) = preSolution
		Debug|Any CPU = Debug|Any CPU
		Release|Any CPU = Release|Any CPU
	EndGlobalSection
	GlobalSection(ProjectConfigurationPlatforms) = postSolution
		{AD5D5FCB-3A2B-48D4-9131-01C3C568CF18}.Debug|Any CPU.ActiveCfg = Debug|Any CPU
		{AD5D5FCB-3A2B-48D4-9131-01C3C568CF18}.Debug|Any CPU.Build.0 = Debug|Any CPU
		{AD5D5FCB-3A2B-48D4-9131-01C3C568CF18}.Release|Any CPU.ActiveCfg = Release|Any CPU
		{AD5D5FCB-3A2B-48D4-9131-01C3C568CF18}.Release|Any CPU.Build.0 = Release|Any CPU
	EndGlobalSection
	GlobalSection(SolutionProperties) = preSolution
		HideSolutionNode = FALSE
	EndGlobalSection
	GlobalSection(ExtensibilityGlobals) = postSolution
		SolutionGuid = {29E4C61E-F14C-4A6C-8E2E-C65839D42756}
	EndGlobalSection
EndGlobal
